{
  "version": 4,
  "terraform_version": "1.0.7",
  "serial": 22,
  "lineage": "a9064d31-a14f-e329-ae10-7f9f28d75025",
  "outputs": {},
  "resources": [
    {
      "mode": "managed",
      "type": "aws_iam_policy",
      "name": "full",
      "provider": "provider[\"registry.terraform.io/hashicorp/aws\"]",
      "instances": [
        {
          "schema_version": 0,
          "attributes": {
            "arn": "arn:aws:iam::955192890155:policy/full_access",
            "description": "Full access policy",
            "id": "arn:aws:iam::955192890155:policy/full_access",
            "name": "full_access",
            "name_prefix": null,
            "path": "/",
            "policy": "{\n  \"Version\": \"2012-10-17\",\n  \"Statement\": [\n    {\n      \"Action\": \"*\",\n      \"Resource\": \"*\",\n      \"Effect\": \"Allow\"\n    }\n  ]\n}\n",
            "policy_id": "ANPA54ZPO2MV7FK632ZVM",
            "tags": {},
            "tags_all": {}
          },
          "sensitive_attributes": [],
          "private": "bnVsbA=="
        }
      ]
    },
    {
      "mode": "managed",
      "type": "aws_iam_policy",
      "name": "s3_full",
      "provider": "provider[\"registry.terraform.io/hashicorp/aws\"]",
      "instances": [
        {
          "schema_version": 0,
          "attributes": {
            "arn": "arn:aws:iam::955192890155:policy/s3_full_access",
            "description": "S3 Full access policy",
            "id": "arn:aws:iam::955192890155:policy/s3_full_access",
            "name": "s3_full_access",
            "name_prefix": null,
            "path": "/",
            "policy": "{\n  \"Version\": \"2012-10-17\",\n  \"Statement\": [\n    {\n      \"Action\": [\n        \"s3:*\"\n      ],\n      \"Effect\": \"Allow\",\n      \"Resource\": [\n        \"arn:aws:s3:::amitkarpeamitkarpeamitkarpe-5-test\",\n        \"arn:aws:s3:::amitkarpeamitkarpeamitkarpe-5-test/*\"\n      ]\n        \n    }\n  ]\n}\n",
            "policy_id": "ANPA54ZPO2MVQBB4FW6Z6",
            "tags": {},
            "tags_all": {}
          },
          "sensitive_attributes": [],
          "private": "bnVsbA==",
          "dependencies": [
            "aws_s3_bucket.user_data"
          ]
        }
      ]
    },
    {
      "mode": "managed",
      "type": "aws_iam_policy",
      "name": "s3_readonly",
      "provider": "provider[\"registry.terraform.io/hashicorp/aws\"]",
      "instances": [
        {
          "schema_version": 0,
          "attributes": {
            "arn": "arn:aws:iam::955192890155:policy/s3_readonly_access",
            "description": "S3 Readonly access policy",
            "id": "arn:aws:iam::955192890155:policy/s3_readonly_access",
            "name": "s3_readonly_access",
            "name_prefix": null,
            "path": "/",
            "policy": "{\n  \"Version\": \"2012-10-17\",\n  \"Statement\": [\n    {\n      \"Action\": [\n        \"s3:Get*\",\n        \"s3:List*\"\n      ],\n      \"Effect\": \"Allow\",\n      \"Resource\": [\n        \"arn:aws:s3:::amitkarpeamitkarpeamitkarpe-5-test\",\n        \"arn:aws:s3:::amitkarpeamitkarpeamitkarpe-5-test/*\"\n      ]\n        \n    }\n  ]\n}\n",
            "policy_id": "ANPA54ZPO2MVYSI77QFEZ",
            "tags": {},
            "tags_all": {}
          },
          "sensitive_attributes": [],
          "private": "bnVsbA==",
          "dependencies": [
            "aws_s3_bucket.user_data"
          ]
        }
      ]
    },
    {
      "mode": "managed",
      "type": "aws_iam_role",
      "name": "developers",
      "provider": "provider[\"registry.terraform.io/hashicorp/aws\"]",
      "instances": [
        {
          "schema_version": 0,
          "attributes": {
            "arn": "arn:aws:iam::955192890155:role/devops2",
            "assume_role_policy": "{\"Version\":\"2012-10-17\",\"Statement\":[{\"Effect\":\"Allow\",\"Principal\":{\"AWS\":\"arn:aws:iam::333438771545:user/amit\"},\"Action\":\"sts:AssumeRole\",\"Condition\":{}}]}",
            "create_date": "2022-05-26T10:01:02Z",
            "description": "",
            "force_detach_policies": false,
            "id": "devops2",
            "inline_policy": [
              {
                "name": "",
                "policy": ""
              }
            ],
            "managed_policy_arns": [
              "arn:aws:iam::955192890155:policy/full_access",
              "arn:aws:iam::955192890155:policy/s3_full_access"
            ],
            "max_session_duration": 3600,
            "name": "devops2",
            "name_prefix": "",
            "path": "/",
            "permissions_boundary": null,
            "tags": {},
            "tags_all": {},
            "unique_id": "AROA54ZPO2MVRF5BUYTCQ"
          },
          "sensitive_attributes": [],
          "private": "bnVsbA=="
        }
      ]
    },
    {
      "mode": "managed",
      "type": "aws_iam_role_policy_attachment",
      "name": "test_dev_full",
      "provider": "provider[\"registry.terraform.io/hashicorp/aws\"]",
      "instances": [
        {
          "index_key": 0,
          "schema_version": 0,
          "attributes": {
            "id": "devops2-20220526102603755500000001",
            "policy_arn": "arn:aws:iam::955192890155:policy/full_access",
            "role": "devops2"
          },
          "sensitive_attributes": [],
          "private": "bnVsbA==",
          "dependencies": [
            "aws_iam_policy.full",
            "aws_iam_role.developers"
          ]
        }
      ]
    },
    {
      "mode": "managed",
      "type": "aws_iam_role_policy_attachment",
      "name": "test_dev_s3_full",
      "provider": "provider[\"registry.terraform.io/hashicorp/aws\"]",
      "instances": [
        {
          "index_key": 0,
          "schema_version": 0,
          "attributes": {
            "id": "devops2-20220526101754874700000001",
            "policy_arn": "arn:aws:iam::955192890155:policy/s3_full_access",
            "role": "devops2"
          },
          "sensitive_attributes": [],
          "private": "bnVsbA==",
          "dependencies": [
            "aws_s3_bucket.user_data",
            "aws_iam_policy.s3_full",
            "aws_iam_role.developers"
          ]
        }
      ]
    },
    {
      "mode": "managed",
      "type": "aws_s3_bucket",
      "name": "user_data",
      "provider": "provider[\"registry.terraform.io/hashicorp/aws\"]",
      "instances": [
        {
          "schema_version": 0,
          "attributes": {
            "acceleration_status": "",
            "acl": "private",
            "arn": "arn:aws:s3:::amitkarpeamitkarpeamitkarpe-5-test",
            "bucket": "amitkarpeamitkarpeamitkarpe-5-test",
            "bucket_domain_name": "amitkarpeamitkarpeamitkarpe-5-test.s3.amazonaws.com",
            "bucket_prefix": null,
            "bucket_regional_domain_name": "amitkarpeamitkarpeamitkarpe-5-test.s3.ap-south-1.amazonaws.com",
            "cors_rule": [],
            "force_destroy": false,
            "grant": [],
            "hosted_zone_id": "Z11RGJOFQNVJUP",
            "id": "amitkarpeamitkarpeamitkarpe-5-test",
            "lifecycle_rule": [],
            "logging": [],
            "object_lock_configuration": [],
            "policy": null,
            "region": "ap-south-1",
            "replication_configuration": [],
            "request_payer": "BucketOwner",
            "server_side_encryption_configuration": [],
            "tags": null,
            "tags_all": {},
            "versioning": [
              {
                "enabled": false,
                "mfa_delete": false
              }
            ],
            "website": [],
            "website_domain": null,
            "website_endpoint": null
          },
          "sensitive_attributes": [],
          "private": "bnVsbA=="
        }
      ]
    }
  ]
}
